
Microsoft Visual Studio Solution File, Format Version 12.00
# Visual Studio Version 17
VisualStudioVersion = 17.14.36109.1 d17.14
MinimumVisualStudioVersion = 10.0.40219.1
Project("{FAE04EC0-301F-11D3-BF4B-00C04F79EFBC}") = "TupleFunction", "TupleFunction\TupleFunction.csproj", "{DF27E1F1-5C4B-44F3-BEF6-FEEFD47E8DF5}"
EndProject
Global
	GlobalSection(SolutionConfigurationPlatforms) = preSolution
		Debug|Any CPU = Debug|Any CPU
		Release|Any CPU = Release|Any CPU
	EndGlobalSection
	GlobalSection(ProjectConfigurationPlatforms) = postSolution
		{DF27E1F1-5C4B-44F3-BEF6-FEEFD47E8DF5}.Debug|Any CPU.ActiveCfg = Debug|Any CPU
		{DF27E1F1-5C4B-44F3-BEF6-FEEFD47E8DF5}.Debug|Any CPU.Build.0 = Debug|Any CPU
		{DF27E1F1-5C4B-44F3-BEF6-FEEFD47E8DF5}.Release|Any CPU.ActiveCfg = Release|Any CPU
		{DF27E1F1-5C4B-44F3-BEF6-FEEFD47E8DF5}.Release|Any CPU.Build.0 = Release|Any CPU
	EndGlobalSection
	GlobalSection(SolutionProperties) = preSolution
		HideSolutionNode = FALSE
	EndGlobalSection
	GlobalSection(ExtensibilityGlobals) = postSolution
		SolutionGuid = {0852BD7A-3569-4284-B972-3DA75B7FF866}
	EndGlobalSection
EndGlobal
